hash: 0b3331db82f39f8343e19a99a7d1cc18ee271598e7574523471a0985c8ffe7b8
updated: 2016-08-31T10:23:12.205007936+03:00
imports: []
testImports:
- name: github.com/stretchr/testify
  version: d77da356e56a7428ad25149ca77381849a6a5232
  subpackages:
  - mock
- name: gopkg.in/check.v1
  version: 4f90aeace3a26ad7021961c297b22c42160c7b25
